
Microsoft Visual Studio Solution File, Format Version 12.00
# Visual Studio 15
VisualStudioVersion = 15.0.27703.2042
MinimumVisualStudioVersion = 10.0.40219.1
Project("{FAE04EC0-301F-11D3-BF4B-00C04F79EFBC}") = "Perjure", "Perjure\Perjure.csproj", "{21890855-F15E-4E60-AAF1-F46A0E577299}"
EndProject
Project("{FAE04EC0-301F-11D3-BF4B-00C04F79EFBC}") = "Perjure.Test", "Perjure.Test\Perjure.Test.csproj", "{A63C80C5-386C-44A3-815F-8A3F31FC3CE9}"
EndProject
Global
	GlobalSection(SolutionConfigurationPlatforms) = preSolution
		Debug|Any CPU = Debug|Any CPU
		Release|Any CPU = Release|Any CPU
	EndGlobalSection
	GlobalSection(ProjectConfigurationPlatforms) = postSolution
		{21890855-F15E-4E60-AAF1-F46A0E577299}.Debug|Any CPU.ActiveCfg = Debug|Any CPU
		{21890855-F15E-4E60-AAF1-F46A0E577299}.Debug|Any CPU.Build.0 = Debug|Any CPU
		{21890855-F15E-4E60-AAF1-F46A0E577299}.Release|Any CPU.ActiveCfg = Release|Any CPU
		{21890855-F15E-4E60-AAF1-F46A0E577299}.Release|Any CPU.Build.0 = Release|Any CPU
		{A63C80C5-386C-44A3-815F-8A3F31FC3CE9}.Debug|Any CPU.ActiveCfg = Debug|Any CPU
		{A63C80C5-386C-44A3-815F-8A3F31FC3CE9}.Debug|Any CPU.Build.0 = Debug|Any CPU
		{A63C80C5-386C-44A3-815F-8A3F31FC3CE9}.Release|Any CPU.ActiveCfg = Release|Any CPU
		{A63C80C5-386C-44A3-815F-8A3F31FC3CE9}.Release|Any CPU.Build.0 = Release|Any CPU
	EndGlobalSection
	GlobalSection(SolutionProperties) = preSolution
		HideSolutionNode = FALSE
	EndGlobalSection
	GlobalSection(ExtensibilityGlobals) = postSolution
		SolutionGuid = {A5F048EB-ED1B-4F44-9AD9-58734EF0F61A}
	EndGlobalSection
EndGlobal
